{
  "name": "sunny-backend",
  "version": "1.0.0",
  "lockfileVersion": 3,
  "requires": true,
  "packages": {
    "": {
      "name": "sunny-backend",
      "version": "1.0.0",
      "dependencies": {
        "cookie-parser": "file:local_modules/cookie-parser",
        "cors": "file:local_modules/cors",
        "dotenv": "file:local_modules/dotenv",
        "express": "file:local_modules/express"
      }
    },
    "local_modules/cookie-parser": {
      "version": "0.0.0-local",
      "license": "MIT"
    },
    "local_modules/cors": {
      "version": "0.0.0-local",
      "license": "MIT"
    },
    "local_modules/dotenv": {
      "version": "0.0.0-local",
      "license": "MIT"
    },
    "local_modules/express": {
      "version": "0.0.0-local",
      "license": "MIT"
    },
    "node_modules/cookie-parser": {
      "resolved": "local_modules/cookie-parser",
      "link": true
    },
    "node_modules/cors": {
      "resolved": "local_modules/cors",
      "link": true
    },
    "node_modules/dotenv": {
      "resolved": "local_modules/dotenv",
      "link": true
    },
    "node_modules/express": {
      "resolved": "local_modules/express",
      "link": true
    }
  }
}
